
Microsoft Visual Studio Solution File, Format Version 12.00
Project("{2150E333-8FDC-42A3-9474-1A3956D46DE8}") = "src", "src", "{9EDDC431-77F7-47D5-A8C5-DEA6C5E44A8C}"
EndProject
Project("{2150E333-8FDC-42A3-9474-1A3956D46DE8}") = "Core", "Core", "{C77A1B0B-ADCB-4218-B106-DF4D51638BB9}"
EndProject
Project("{2150E333-8FDC-42A3-9474-1A3956D46DE8}") = "External", "External", "{92E06E1E-FF45-4189-ACFC-BEFDD184259C}"
EndProject
Project("{FAE04EC0-301F-11D3-BF4B-00C04F79EFBC}") = "Domain", "Domain\Domain.csproj", "{15F7304E-B319-4AE9-9CF3-D16D447CD781}"
EndProject
Project("{FAE04EC0-301F-11D3-BF4B-00C04F79EFBC}") = "Application", "Application\Application.csproj", "{573AFD68-30BB-4FC4-A27C-5B0B7F5A92CA}"
EndProject
Project("{FAE04EC0-301F-11D3-BF4B-00C04F79EFBC}") = "Infrastructure", "Infrastructure\Infrastructure.csproj", "{8C166443-3A0C-41B7-8D8A-FAF6013B5C09}"
EndProject
Project("{FAE04EC0-301F-11D3-BF4B-00C04F79EFBC}") = "Presentation", "Presentation\Presentation.csproj", "{4414D814-C99D-431F-B736-D37FF4E9D396}"
EndProject
Global
	GlobalSection(SolutionConfigurationPlatforms) = preSolution
		Debug|Any CPU = Debug|Any CPU
		Release|Any CPU = Release|Any CPU
	EndGlobalSection
	GlobalSection(NestedProjects) = preSolution
		{C77A1B0B-ADCB-4218-B106-DF4D51638BB9} = {9EDDC431-77F7-47D5-A8C5-DEA6C5E44A8C}
		{92E06E1E-FF45-4189-ACFC-BEFDD184259C} = {9EDDC431-77F7-47D5-A8C5-DEA6C5E44A8C}
		{15F7304E-B319-4AE9-9CF3-D16D447CD781} = {C77A1B0B-ADCB-4218-B106-DF4D51638BB9}
		{573AFD68-30BB-4FC4-A27C-5B0B7F5A92CA} = {C77A1B0B-ADCB-4218-B106-DF4D51638BB9}
		{8C166443-3A0C-41B7-8D8A-FAF6013B5C09} = {92E06E1E-FF45-4189-ACFC-BEFDD184259C}
		{4414D814-C99D-431F-B736-D37FF4E9D396} = {92E06E1E-FF45-4189-ACFC-BEFDD184259C}
	EndGlobalSection
	GlobalSection(ProjectConfigurationPlatforms) = postSolution
		{15F7304E-B319-4AE9-9CF3-D16D447CD781}.Debug|Any CPU.ActiveCfg = Debug|Any CPU
		{15F7304E-B319-4AE9-9CF3-D16D447CD781}.Debug|Any CPU.Build.0 = Debug|Any CPU
		{15F7304E-B319-4AE9-9CF3-D16D447CD781}.Release|Any CPU.ActiveCfg = Release|Any CPU
		{15F7304E-B319-4AE9-9CF3-D16D447CD781}.Release|Any CPU.Build.0 = Release|Any CPU
		{573AFD68-30BB-4FC4-A27C-5B0B7F5A92CA}.Debug|Any CPU.ActiveCfg = Debug|Any CPU
		{573AFD68-30BB-4FC4-A27C-5B0B7F5A92CA}.Debug|Any CPU.Build.0 = Debug|Any CPU
		{573AFD68-30BB-4FC4-A27C-5B0B7F5A92CA}.Release|Any CPU.ActiveCfg = Release|Any CPU
		{573AFD68-30BB-4FC4-A27C-5B0B7F5A92CA}.Release|Any CPU.Build.0 = Release|Any CPU
		{8C166443-3A0C-41B7-8D8A-FAF6013B5C09}.Debug|Any CPU.ActiveCfg = Debug|Any CPU
		{8C166443-3A0C-41B7-8D8A-FAF6013B5C09}.Debug|Any CPU.Build.0 = Debug|Any CPU
		{8C166443-3A0C-41B7-8D8A-FAF6013B5C09}.Release|Any CPU.ActiveCfg = Release|Any CPU
		{8C166443-3A0C-41B7-8D8A-FAF6013B5C09}.Release|Any CPU.Build.0 = Release|Any CPU
		{4414D814-C99D-431F-B736-D37FF4E9D396}.Debug|Any CPU.ActiveCfg = Debug|Any CPU
		{4414D814-C99D-431F-B736-D37FF4E9D396}.Debug|Any CPU.Build.0 = Debug|Any CPU
		{4414D814-C99D-431F-B736-D37FF4E9D396}.Release|Any CPU.ActiveCfg = Release|Any CPU
		{4414D814-C99D-431F-B736-D37FF4E9D396}.Release|Any CPU.Build.0 = Release|Any CPU
	EndGlobalSection
EndGlobal
